
Microsoft Visual Studio Solution File, Format Version 12.00
# Visual Studio 15
VisualStudioVersion = 15.0.28010.2019
MinimumVisualStudioVersion = 10.0.40219.1
Project("{FAE04EC0-301F-11D3-BF4B-00C04F79EFBC}") = "CashFlow.Data", "CashFlow.Data\CashFlow.Data.csproj", "{60068A28-276C-45C7-B08C-07A52EA4A422}"
EndProject
Project("{FAE04EC0-301F-11D3-BF4B-00C04F79EFBC}") = "CashFlow.Contracts", "CashFlow.Contracts\CashFlow.Contracts.csproj", "{CE5B16ED-3698-4F07-ABCE-4A65F82A817C}"
EndProject
Project("{FAE04EC0-301F-11D3-BF4B-00C04F79EFBC}") = "CashFlow.Services", "CashFlow.Services\CashFlow.Services.csproj", "{1296FB66-EF97-46AB-A817-E18DE88AC29F}"
EndProject
Project("{FAE04EC0-301F-11D3-BF4B-00C04F79EFBC}") = "CashFlow.Models", "CashFlow.Models\CashFlow.Models.csproj", "{B23D4B16-1363-41DC-8E44-90D82D56A9C3}"
EndProject
Global
	GlobalSection(SolutionConfigurationPlatforms) = preSolution
		Debug|Any CPU = Debug|Any CPU
		Release|Any CPU = Release|Any CPU
	EndGlobalSection
	GlobalSection(ProjectConfigurationPlatforms) = postSolution
		{60068A28-276C-45C7-B08C-07A52EA4A422}.Debug|Any CPU.ActiveCfg = Debug|Any CPU
		{60068A28-276C-45C7-B08C-07A52EA4A422}.Debug|Any CPU.Build.0 = Debug|Any CPU
		{60068A28-276C-45C7-B08C-07A52EA4A422}.Release|Any CPU.ActiveCfg = Release|Any CPU
		{60068A28-276C-45C7-B08C-07A52EA4A422}.Release|Any CPU.Build.0 = Release|Any CPU
		{CE5B16ED-3698-4F07-ABCE-4A65F82A817C}.Debug|Any CPU.ActiveCfg = Debug|Any CPU
		{CE5B16ED-3698-4F07-ABCE-4A65F82A817C}.Debug|Any CPU.Build.0 = Debug|Any CPU
		{CE5B16ED-3698-4F07-ABCE-4A65F82A817C}.Release|Any CPU.ActiveCfg = Release|Any CPU
		{CE5B16ED-3698-4F07-ABCE-4A65F82A817C}.Release|Any CPU.Build.0 = Release|Any CPU
		{1296FB66-EF97-46AB-A817-E18DE88AC29F}.Debug|Any CPU.ActiveCfg = Debug|Any CPU
		{1296FB66-EF97-46AB-A817-E18DE88AC29F}.Debug|Any CPU.Build.0 = Debug|Any CPU
		{1296FB66-EF97-46AB-A817-E18DE88AC29F}.Release|Any CPU.ActiveCfg = Release|Any CPU
		{1296FB66-EF97-46AB-A817-E18DE88AC29F}.Release|Any CPU.Build.0 = Release|Any CPU
		{B23D4B16-1363-41DC-8E44-90D82D56A9C3}.Debug|Any CPU.ActiveCfg = Debug|Any CPU
		{B23D4B16-1363-41DC-8E44-90D82D56A9C3}.Debug|Any CPU.Build.0 = Debug|Any CPU
		{B23D4B16-1363-41DC-8E44-90D82D56A9C3}.Release|Any CPU.ActiveCfg = Release|Any CPU
		{B23D4B16-1363-41DC-8E44-90D82D56A9C3}.Release|Any CPU.Build.0 = Release|Any CPU
	EndGlobalSection
	GlobalSection(SolutionProperties) = preSolution
		HideSolutionNode = FALSE
	EndGlobalSection
	GlobalSection(ExtensibilityGlobals) = postSolution
		SolutionGuid = {149A425C-A00A-4CD7-B4AB-1D1B1AB626D2}
	EndGlobalSection
EndGlobal
